
Microsoft Visual Studio Solution File, Format Version 12.00
# Visual Studio Version 16
VisualStudioVersion = 16.0.30717.126
MinimumVisualStudioVersion = 10.0.40219.1
Project("{FAE04EC0-301F-11D3-BF4B-00C04F79EFBC}") = "RuntimeCsharp", "RuntimeCsharp\RuntimeCsharp.csproj", "{832BA0E5-70A7-4341-A93C-F7E29E7BAE8C}"
EndProject
Global
	GlobalSection(SolutionConfigurationPlatforms) = preSolution
		Debug|Any CPU = Debug|Any CPU
		Release|Any CPU = Release|Any CPU
	EndGlobalSection
	GlobalSection(ProjectConfigurationPlatforms) = postSolution
		{832BA0E5-70A7-4341-A93C-F7E29E7BAE8C}.Debug|Any CPU.ActiveCfg = Debug|Any CPU
		{832BA0E5-70A7-4341-A93C-F7E29E7BAE8C}.Debug|Any CPU.Build.0 = Debug|Any CPU
		{832BA0E5-70A7-4341-A93C-F7E29E7BAE8C}.Release|Any CPU.ActiveCfg = Release|Any CPU
		{832BA0E5-70A7-4341-A93C-F7E29E7BAE8C}.Release|Any CPU.Build.0 = Release|Any CPU
	EndGlobalSection
	GlobalSection(SolutionProperties) = preSolution
		HideSolutionNode = FALSE
	EndGlobalSection
	GlobalSection(ExtensibilityGlobals) = postSolution
		SolutionGuid = {83661CD1-CE5A-4CE7-80F5-FDA8164447AF}
	EndGlobalSection
EndGlobal
